// !$*UTF8*$!
{
	archiveVersion = 1;
	classes = {
	};
	objectVersion = 51;
	objects = {

/* Begin PBXBuildFile section */
		5809AE90D630D6F175D79BAA /* Pods_Albums.framework in Frameworks */ = {isa = PBXBuildFile; fileRef = E3C9D97C4B7AC27A5329006A /* Pods_Albums.framework */; };
		CD693214AEAA4437CABA5E62 /* Pods_AlbumsTests.framework in Frameworks */ = {isa = PBXBuildFile; fileRef = AAF32B577ACDD7BC8D05A63C /* Pods_AlbumsTests.framework */; };
		FA1BA4AC25A637DA00029F59 /* LocalDatabase.swift in Sources */ = {isa = PBXBuildFile; fileRef = FA1BA4AB25A637DA00029F59 /* LocalDatabase.swift */; };
		FA1BA4B225A6383C00029F59 /* AlbumDB.swift in Sources */ = {isa = PBXBuildFile; fileRef = FA1BA4B125A6383C00029F59 /* AlbumDB.swift */; };
		FA1BA4B625A6384600029F59 /* AlbumPageDB.swift in Sources */ = {isa = PBXBuildFile; fileRef = FA1BA4B525A6384600029F59 /* AlbumPageDB.swift */; };
		FA2570C625A364CE001373C8 /* UIView+Extension.swift in Sources */ = {isa = PBXBuildFile; fileRef = FA2570C525A364CE001373C8 /* UIView+Extension.swift */; };
		FA2570D325A39242001373C8 /* AlbumTitleCell.swift in Sources */ = {isa = PBXBuildFile; fileRef = FA2570D225A39242001373C8 /* AlbumTitleCell.swift */; };
		FA2570D725A39374001373C8 /* UITableView+Extension.swift in Sources */ = {isa = PBXBuildFile; fileRef = FA2570D625A39374001373C8 /* UITableView+Extension.swift */; };
		FA2570DB25A39579001373C8 /* Array+Extension.swift in Sources */ = {isa = PBXBuildFile; fileRef = FA2570DA25A39579001373C8 /* Array+Extension.swift */; };
		FA25C87D2596648700F8F903 /* AppDelegate.swift in Sources */ = {isa = PBXBuildFile; fileRef = FA25C87C2596648700F8F903 /* AppDelegate.swift */; };
		FA25C87F2596648700F8F903 /* SceneDelegate.swift in Sources */ = {isa = PBXBuildFile; fileRef = FA25C87E2596648700F8F903 /* SceneDelegate.swift */; };
		FA25C8812596648700F8F903 /* AlbumsViewController.swift in Sources */ = {isa = PBXBuildFile; fileRef = FA25C8802596648700F8F903 /* AlbumsViewController.swift */; };
		FA25C8892596648800F8F903 /* Assets.xcassets in Resources */ = {isa = PBXBuildFile; fileRef = FA25C8882596648800F8F903 /* Assets.xcassets */; };
		FA25C88C2596648800F8F903 /* LaunchScreen.storyboard in Resources */ = {isa = PBXBuildFile; fileRef = FA25C88A2596648800F8F903 /* LaunchScreen.storyboard */; };
		FA25C8972596648800F8F903 /* AlbumsProviderTests.swift in Sources */ = {isa = PBXBuildFile; fileRef = FA25C8962596648800F8F903 /* AlbumsProviderTests.swift */; };
		FA39D0A725A3D81E0094B9A3 /* Constants.swift in Sources */ = {isa = PBXBuildFile; fileRef = FA39D0A625A3D81E0094B9A3 /* Constants.swift */; };
		FA39D0B325A4747A0094B9A3 /* PhotosProvider.swift in Sources */ = {isa = PBXBuildFile; fileRef = FA39D0B225A4747A0094B9A3 /* PhotosProvider.swift */; };
		FA39D0B925A475690094B9A3 /* PhotosJSON.json in Resources */ = {isa = PBXBuildFile; fileRef = FA39D0B825A475690094B9A3 /* PhotosJSON.json */; };
		FA39D0BD25A476040094B9A3 /* Photo.swift in Sources */ = {isa = PBXBuildFile; fileRef = FA39D0BC25A476040094B9A3 /* Photo.swift */; };
		FA39D0C325A477500094B9A3 /* PhotosProviderTests.swift in Sources */ = {isa = PBXBuildFile; fileRef = FA39D0C225A477500094B9A3 /* PhotosProviderTests.swift */; };
		FA3F7F89259B118A0029F6F8 /* JSONDataParsingHelper.swift in Sources */ = {isa = PBXBuildFile; fileRef = FA3F7F88259B118A0029F6F8 /* JSONDataParsingHelper.swift */; };
		FA3F7F8D259B131F0029F6F8 /* EndpointsAPI.swift in Sources */ = {isa = PBXBuildFile; fileRef = FA3F7F8C259B131F0029F6F8 /* EndpointsAPI.swift */; };
		FA5086F0259BA30F00535DCE /* AlbumsViewModelTests.swift in Sources */ = {isa = PBXBuildFile; fileRef = FA5086EF259BA30F00535DCE /* AlbumsViewModelTests.swift */; };
		FA5086F6259BC51E00535DCE /* MockAlbumsUseCase.swift in Sources */ = {isa = PBXBuildFile; fileRef = FA5086F5259BC51E00535DCE /* MockAlbumsUseCase.swift */; };
		FA5086FB259BDC7300535DCE /* AlbumUIModel.swift in Sources */ = {isa = PBXBuildFile; fileRef = FA5086FA259BDC7300535DCE /* AlbumUIModel.swift */; };
		FA508703259D084C00535DCE /* MockLocalAlbumsProvider.swift in Sources */ = {isa = PBXBuildFile; fileRef = FA508702259D084C00535DCE /* MockLocalAlbumsProvider.swift */; };
		FA56E4782599194F009ECC78 /* Rx+Extension.swift in Sources */ = {isa = PBXBuildFile; fileRef = FA56E4772599194F009ECC78 /* Rx+Extension.swift */; };
		FA56E480259919BB009ECC78 /* Rx+Extensions.swift in Sources */ = {isa = PBXBuildFile; fileRef = FA56E47F259919BB009ECC78 /* Rx+Extensions.swift */; };
		FA89667E259B1F7100481EC1 /* AlbumsJSON.json in Resources */ = {isa = PBXBuildFile; fileRef = FA89667D259B1F7100481EC1 /* AlbumsJSON.json */; };
		FA896685259B211500481EC1 /* AlbumsUseCase.swift in Sources */ = {isa = PBXBuildFile; fileRef = FA896684259B211500481EC1 /* AlbumsUseCase.swift */; };
		FA89668E259B9F5E00481EC1 /* AlbumsUseCaseTests.swift in Sources */ = {isa = PBXBuildFile; fileRef = FA89668D259B9F5E00481EC1 /* AlbumsUseCaseTests.swift */; };
		FA896695259B9FB700481EC1 /* MockAlbumsProvider.swift in Sources */ = {isa = PBXBuildFile; fileRef = FA896694259B9FB700481EC1 /* MockAlbumsProvider.swift */; };
		FA89669C259BA10D00481EC1 /* AlbumsViewModel.swift in Sources */ = {isa = PBXBuildFile; fileRef = FA89669B259BA10D00481EC1 /* AlbumsViewModel.swift */; };
		FAB0E9B925A63A0100D79214 /* AlbumsPageDatabase.swift in Sources */ = {isa = PBXBuildFile; fileRef = FAB0E9B825A63A0100D79214 /* AlbumsPageDatabase.swift */; };
		FAB0E9CC25A670FE00D79214 /* PhotosPageDatabase.swift in Sources */ = {isa = PBXBuildFile; fileRef = FAB0E9CB25A670FE00D79214 /* PhotosPageDatabase.swift */; };
		FAB0E9D225A671B600D79214 /* PhotoPageDB.swift in Sources */ = {isa = PBXBuildFile; fileRef = FAB0E9D125A671B600D79214 /* PhotoPageDB.swift */; };
		FAB0E9D825A671DC00D79214 /* PhotoDB.swift in Sources */ = {isa = PBXBuildFile; fileRef = FAB0E9D725A671DC00D79214 /* PhotoDB.swift */; };
		FAD9F4EB25A47C9E008397F2 /* PhotosUseCaseTests.swift in Sources */ = {isa = PBXBuildFile; fileRef = FAD9F4EA25A47C9E008397F2 /* PhotosUseCaseTests.swift */; };
		FAD9F4F125A47CD3008397F2 /* PhotosUseCase.swift in Sources */ = {isa = PBXBuildFile; fileRef = FAD9F4F025A47CD3008397F2 /* PhotosUseCase.swift */; };
		FAD9F4FA25A48210008397F2 /* MockPhotosProvider.swift in Sources */ = {isa = PBXBuildFile; fileRef = FAD9F4F925A48210008397F2 /* MockPhotosProvider.swift */; };
		FAD9F50025A48247008397F2 /* MockLocalPhotosProvider.swift in Sources */ = {isa = PBXBuildFile; fileRef = FAD9F4FF25A48247008397F2 /* MockLocalPhotosProvider.swift */; };
		FAD9F50425A48354008397F2 /* PhotosViewModel.swift in Sources */ = {isa = PBXBuildFile; fileRef = FAD9F50325A48354008397F2 /* PhotosViewModel.swift */; };
		FAD9F50825A4837C008397F2 /* PhotoUIModel.swift in Sources */ = {isa = PBXBuildFile; fileRef = FAD9F50725A4837C008397F2 /* PhotoUIModel.swift */; };
		FAD9F50C25A4BC87008397F2 /* MockPhotosUseCase.swift in Sources */ = {isa = PBXBuildFile; fileRef = FAD9F50B25A4BC87008397F2 /* MockPhotosUseCase.swift */; };
		FAD9F51125A4BD4A008397F2 /* PhotosViewModelTests.swift in Sources */ = {isa = PBXBuildFile; fileRef = FAD9F51025A4BD4A008397F2 /* PhotosViewModelTests.swift */; };
		FAD9F51725A4BF46008397F2 /* PhotosViewController.swift in Sources */ = {isa = PBXBuildFile; fileRef = FAD9F51625A4BF46008397F2 /* PhotosViewController.swift */; };
		FAD9F52625A4C6CD008397F2 /* PhotoCell.swift in Sources */ = {isa = PBXBuildFile; fileRef = FAD9F52525A4C6CD008397F2 /* PhotoCell.swift */; };
		FAD9F54225A4E8B7008397F2 /* PinterestLayout.swift in Sources */ = {isa = PBXBuildFile; fileRef = FAD9F54125A4E8B7008397F2 /* PinterestLayout.swift */; };
		FAD9F56825A52BC3008397F2 /* String+Extension.swift in Sources */ = {isa = PBXBuildFile; fileRef = FAD9F56725A52BC3008397F2 /* String+Extension.swift */; };
		FAD9F56F25A5407F008397F2 /* PhotoDetailsViewController.swift in Sources */ = {isa = PBXBuildFile; fileRef = FAD9F56E25A5407F008397F2 /* PhotoDetailsViewController.swift */; };
		FAD9F57325A59AA6008397F2 /* UIViewController+Extension.swift in Sources */ = {isa = PBXBuildFile; fileRef = FAD9F57225A59AA6008397F2 /* UIViewController+Extension.swift */; };
		FAD9F57825A59DBA008397F2 /* PhotoDetailsView.swift in Sources */ = {isa = PBXBuildFile; fileRef = FAD9F57725A59DBA008397F2 /* PhotoDetailsView.swift */; };
		FAD9F58825A5B375008397F2 /* AlbumsCoordinator.swift in Sources */ = {isa = PBXBuildFile; fileRef = FAD9F57F25A5B2BE008397F2 /* AlbumsCoordinator.swift */; };
		FAD9F58C25A5B7E8008397F2 /* AlbumsFactory.swift in Sources */ = {isa = PBXBuildFile; fileRef = FAD9F58B25A5B7E8008397F2 /* AlbumsFactory.swift */; };
		FADDFDC12596B0930094690D /* AlbumsProvider.swift in Sources */ = {isa = PBXBuildFile; fileRef = FADDFDC02596B0930094690D /* AlbumsProvider.swift */; };
		FADDFDC62596B2990094690D /* RxTest.framework in Frameworks */ = {isa = PBXBuildFile; fileRef = FADDFDC52596B2990094690D /* RxTest.framework */; };
		FADDFDD92596B2F80094690D /* Album.swift in Sources */ = {isa = PBXBuildFile; fileRef = FADDFDD82596B2F80094690D /* Album.swift */; };
		FAEBF59625A5C079002D5411 /* PhotoDetailsUIModel.swift in Sources */ = {isa = PBXBuildFile; fileRef = FAEBF59525A5C079002D5411 /* PhotoDetailsUIModel.swift */; };
		FAEBF59E25A5C09A002D5411 /* PhotoDetailsViewModel.swift in Sources */ = {isa = PBXBuildFile; fileRef = FAEBF59D25A5C09A002D5411 /* PhotoDetailsViewModel.swift */; };
/* End PBXBuildFile section */

/* Begin PBXContainerItemProxy section */
		FA25C8932596648800F8F903 /* PBXContainerItemProxy */ = {
			isa = PBXContainerItemProxy;
			containerPortal = FA25C8712596648700F8F903 /* Project object */;
			proxyType = 1;
			remoteGlobalIDString = FA25C8782596648700F8F903;
			remoteInfo = Albums;
		};
/* End PBXContainerItemProxy section */

/* Begin PBXFileReference section */
		7D84BAB31F6CCB4BE767DAE5 /* Pods-AlbumsTests.release.xcconfig */ = {isa = PBXFileReference; includeInIndex = 1; lastKnownFileType = text.xcconfig; name = "Pods-AlbumsTests.release.xcconfig"; path = "Target Support Files/Pods-AlbumsTests/Pods-AlbumsTests.release.xcconfig"; sourceTree = "<group>"; };
		8BDE73F728BF5ED6B39ABA0A /* Pods-Albums.release.xcconfig */ = {isa = PBXFileReference; includeInIndex = 1; lastKnownFileType = text.xcconfig; name = "Pods-Albums.release.xcconfig"; path = "Target Support Files/Pods-Albums/Pods-Albums.release.xcconfig"; sourceTree = "<group>"; };
		AAF32B577ACDD7BC8D05A63C /* Pods_AlbumsTests.framework */ = {isa = PBXFileReference; explicitFileType = wrapper.framework; includeInIndex = 0; path = Pods_AlbumsTests.framework; sourceTree = BUILT_PRODUCTS_DIR; };
		E3C9D97C4B7AC27A5329006A /* Pods_Albums.framework */ = {isa = PBXFileReference; explicitFileType = wrapper.framework; includeInIndex = 0; path = Pods_Albums.framework; sourceTree = BUILT_PRODUCTS_DIR; };
		F2D0F1300D2996114FCFEC88 /* Pods-Albums.debug.xcconfig */ = {isa = PBXFileReference; includeInIndex = 1; lastKnownFileType = text.xcconfig; name = "Pods-Albums.debug.xcconfig"; path = "Target Support Files/Pods-Albums/Pods-Albums.debug.xcconfig"; sourceTree = "<group>"; };
		FA1BA4AB25A637DA00029F59 /* LocalDatabase.swift */ = {isa = PBXFileReference; lastKnownFileType = sourcecode.swift; path = LocalDatabase.swift; sourceTree = "<group>"; };
		FA1BA4B125A6383C00029F59 /* AlbumDB.swift */ = {isa = PBXFileReference; lastKnownFileType = sourcecode.swift; path = AlbumDB.swift; sourceTree = "<group>"; };
		FA1BA4B525A6384600029F59 /* AlbumPageDB.swift */ = {isa = PBXFileReference; lastKnownFileType = sourcecode.swift; path = AlbumPageDB.swift; sourceTree = "<group>"; };
		FA2570C525A364CE001373C8 /* UIView+Extension.swift */ = {isa = PBXFileReference; lastKnownFileType = sourcecode.swift; path = "UIView+Extension.swift"; sourceTree = "<group>"; };
		FA2570D225A39242001373C8 /* AlbumTitleCell.swift */ = {isa = PBXFileReference; lastKnownFileType = sourcecode.swift; path = AlbumTitleCell.swift; sourceTree = "<group>"; };
		FA2570D625A39374001373C8 /* UITableView+Extension.swift */ = {isa = PBXFileReference; lastKnownFileType = sourcecode.swift; path = "UITableView+Extension.swift"; sourceTree = "<group>"; };
		FA2570DA25A39579001373C8 /* Array+Extension.swift */ = {isa = PBXFileReference; lastKnownFileType = sourcecode.swift; path = "Array+Extension.swift"; sourceTree = "<group>"; };
		FA25C8792596648700F8F903 /* Albums.app */ = {isa = PBXFileReference; explicitFileType = wrapper.application; includeInIndex = 0; path = Albums.app; sourceTree = BUILT_PRODUCTS_DIR; };
		FA25C87C2596648700F8F903 /* AppDelegate.swift */ = {isa = PBXFileReference; lastKnownFileType = sourcecode.swift; path = AppDelegate.swift; sourceTree = "<group>"; };
		FA25C87E2596648700F8F903 /* SceneDelegate.swift */ = {isa = PBXFileReference; lastKnownFileType = sourcecode.swift; path = SceneDelegate.swift; sourceTree = "<group>"; };
		FA25C8802596648700F8F903 /* AlbumsViewController.swift */ = {isa = PBXFileReference; lastKnownFileType = sourcecode.swift; path = AlbumsViewController.swift; sourceTree = "<group>"; };
		FA25C8882596648800F8F903 /* Assets.xcassets */ = {isa = PBXFileReference; lastKnownFileType = folder.assetcatalog; path = Assets.xcassets; sourceTree = "<group>"; };
		FA25C88B2596648800F8F903 /* Base */ = {isa = PBXFileReference; lastKnownFileType = file.storyboard; name = Base; path = Base.lproj/LaunchScreen.storyboard; sourceTree = "<group>"; };
		FA25C88D2596648800F8F903 /* Info.plist */ = {isa = PBXFileReference; lastKnownFileType = text.plist.xml; path = Info.plist; sourceTree = "<group>"; };
		FA25C8922596648800F8F903 /* AlbumsTests.xctest */ = {isa = PBXFileReference; explicitFileType = wrapper.cfbundle; includeInIndex = 0; path = AlbumsTests.xctest; sourceTree = BUILT_PRODUCTS_DIR; };
		FA25C8962596648800F8F903 /* AlbumsProviderTests.swift */ = {isa = PBXFileReference; lastKnownFileType = sourcecode.swift; path = AlbumsProviderTests.swift; sourceTree = "<group>"; };
		FA25C8982596648800F8F903 /* Info.plist */ = {isa = PBXFileReference; lastKnownFileType = text.plist.xml; path = Info.plist; sourceTree = "<group>"; };
		FA39D0A625A3D81E0094B9A3 /* Constants.swift */ = {isa = PBXFileReference; lastKnownFileType = sourcecode.swift; path = Constants.swift; sourceTree = "<group>"; };
		FA39D0B225A4747A0094B9A3 /* PhotosProvider.swift */ = {isa = PBXFileReference; lastKnownFileType = sourcecode.swift; path = PhotosProvider.swift; sourceTree = "<group>"; };
		FA39D0B825A475690094B9A3 /* PhotosJSON.json */ = {isa = PBXFileReference; lastKnownFileType = text.json; path = PhotosJSON.json; sourceTree = "<group>"; };
		FA39D0BC25A476040094B9A3 /* Photo.swift */ = {isa = PBXFileReference; lastKnownFileType = sourcecode.swift; path = Photo.swift; sourceTree = "<group>"; };
		FA39D0C225A477500094B9A3 /* PhotosProviderTests.swift */ = {isa = PBXFileReference; lastKnownFileType = sourcecode.swift; path = PhotosProviderTests.swift; sourceTree = "<group>"; };
		FA3F7F88259B118A0029F6F8 /* JSONDataParsingHelper.swift */ = {isa = PBXFileReference; lastKnownFileType = sourcecode.swift; path = JSONDataParsingHelper.swift; sourceTree = "<group>"; };
		FA3F7F8C259B131F0029F6F8 /* EndpointsAPI.swift */ = {isa = PBXFileReference; lastKnownFileType = sourcecode.swift; path = EndpointsAPI.swift; sourceTree = "<group>"; };
		FA5086EF259BA30F00535DCE /* AlbumsViewModelTests.swift */ = {isa = PBXFileReference; lastKnownFileType = sourcecode.swift; path = AlbumsViewModelTests.swift; sourceTree = "<group>"; };
		FA5086F5259BC51E00535DCE /* MockAlbumsUseCase.swift */ = {isa = PBXFileReference; lastKnownFileType = sourcecode.swift; path = MockAlbumsUseCase.swift; sourceTree = "<group>"; };
		FA5086FA259BDC7300535DCE /* AlbumUIModel.swift */ = {isa = PBXFileReference; lastKnownFileType = sourcecode.swift; path = AlbumUIModel.swift; sourceTree = "<group>"; };
		FA508702259D084C00535DCE /* MockLocalAlbumsProvider.swift */ = {isa = PBXFileReference; lastKnownFileType = sourcecode.swift; path = MockLocalAlbumsProvider.swift; sourceTree = "<group>"; };
		FA56E4772599194F009ECC78 /* Rx+Extension.swift */ = {isa = PBXFileReference; lastKnownFileType = sourcecode.swift; path = "Rx+Extension.swift"; sourceTree = "<group>"; };
		FA56E47F259919BB009ECC78 /* Rx+Extensions.swift */ = {isa = PBXFileReference; lastKnownFileType = sourcecode.swift; path = "Rx+Extensions.swift"; sourceTree = "<group>"; };
		FA89667D259B1F7100481EC1 /* AlbumsJSON.json */ = {isa = PBXFileReference; fileEncoding = 4; lastKnownFileType = text.json; path = AlbumsJSON.json; sourceTree = "<group>"; };
		FA896684259B211500481EC1 /* AlbumsUseCase.swift */ = {isa = PBXFileReference; lastKnownFileType = sourcecode.swift; path = AlbumsUseCase.swift; sourceTree = "<group>"; };
		FA89668D259B9F5E00481EC1 /* AlbumsUseCaseTests.swift */ = {isa = PBXFileReference; lastKnownFileType = sourcecode.swift; path = AlbumsUseCaseTests.swift; sourceTree = "<group>"; };
		FA896694259B9FB700481EC1 /* MockAlbumsProvider.swift */ = {isa = PBXFileReference; lastKnownFileType = sourcecode.swift; path = MockAlbumsProvider.swift; sourceTree = "<group>"; };
		FA89669B259BA10D00481EC1 /* AlbumsViewModel.swift */ = {isa = PBXFileReference; lastKnownFileType = sourcecode.swift; path = AlbumsViewModel.swift; sourceTree = "<group>"; };
		FAB0E9B825A63A0100D79214 /* AlbumsPageDatabase.swift */ = {isa = PBXFileReference; lastKnownFileType = sourcecode.swift; path = AlbumsPageDatabase.swift; sourceTree = "<group>"; };
		FAB0E9CB25A670FE00D79214 /* PhotosPageDatabase.swift */ = {isa = PBXFileReference; lastKnownFileType = sourcecode.swift; path = PhotosPageDatabase.swift; sourceTree = "<group>"; };
		FAB0E9D125A671B600D79214 /* PhotoPageDB.swift */ = {isa = PBXFileReference; lastKnownFileType = sourcecode.swift; path = PhotoPageDB.swift; sourceTree = "<group>"; };
		FAB0E9D725A671DC00D79214 /* PhotoDB.swift */ = {isa = PBXFileReference; lastKnownFileType = sourcecode.swift; path = PhotoDB.swift; sourceTree = "<group>"; };
		FAD9F4EA25A47C9E008397F2 /* PhotosUseCaseTests.swift */ = {isa = PBXFileReference; lastKnownFileType = sourcecode.swift; path = PhotosUseCaseTests.swift; sourceTree = "<group>"; };
		FAD9F4F025A47CD3008397F2 /* PhotosUseCase.swift */ = {isa = PBXFileReference; lastKnownFileType = sourcecode.swift; path = PhotosUseCase.swift; sourceTree = "<group>"; };
		FAD9F4F925A48210008397F2 /* MockPhotosProvider.swift */ = {isa = PBXFileReference; lastKnownFileType = sourcecode.swift; path = MockPhotosProvider.swift; sourceTree = "<group>"; };
		FAD9F4FF25A48247008397F2 /* MockLocalPhotosProvider.swift */ = {isa = PBXFileReference; lastKnownFileType = sourcecode.swift; path = MockLocalPhotosProvider.swift; sourceTree = "<group>"; };
		FAD9F50325A48354008397F2 /* PhotosViewModel.swift */ = {isa = PBXFileReference; lastKnownFileType = sourcecode.swift; path = PhotosViewModel.swift; sourceTree = "<group>"; };
		FAD9F50725A4837C008397F2 /* PhotoUIModel.swift */ = {isa = PBXFileReference; lastKnownFileType = sourcecode.swift; path = PhotoUIModel.swift; sourceTree = "<group>"; };
		FAD9F50B25A4BC87008397F2 /* MockPhotosUseCase.swift */ = {isa = PBXFileReference; lastKnownFileType = sourcecode.swift; path = MockPhotosUseCase.swift; sourceTree = "<group>"; };
		FAD9F51025A4BD4A008397F2 /* PhotosViewModelTests.swift */ = {isa = PBXFileReference; lastKnownFileType = sourcecode.swift; path = PhotosViewModelTests.swift; sourceTree = "<group>"; };
		FAD9F51625A4BF46008397F2 /* PhotosViewController.swift */ = {isa = PBXFileReference; lastKnownFileType = sourcecode.swift; path = PhotosViewController.swift; sourceTree = "<group>"; };
		FAD9F52525A4C6CD008397F2 /* PhotoCell.swift */ = {isa = PBXFileReference; lastKnownFileType = sourcecode.swift; path = PhotoCell.swift; sourceTree = "<group>"; };
		FAD9F54125A4E8B7008397F2 /* PinterestLayout.swift */ = {isa = PBXFileReference; lastKnownFileType = sourcecode.swift; path = PinterestLayout.swift; sourceTree = "<group>"; };
		FAD9F56725A52BC3008397F2 /* String+Extension.swift */ = {isa = PBXFileReference; lastKnownFileType = sourcecode.swift; path = "String+Extension.swift"; sourceTree = "<group>"; };
		FAD9F56E25A5407F008397F2 /* PhotoDetailsViewController.swift */ = {isa = PBXFileReference; lastKnownFileType = sourcecode.swift; path = PhotoDetailsViewController.swift; sourceTree = "<group>"; };
		FAD9F57225A59AA6008397F2 /* UIViewController+Extension.swift */ = {isa = PBXFileReference; lastKnownFileType = sourcecode.swift; path = "UIViewController+Extension.swift"; sourceTree = "<group>"; };
		FAD9F57725A59DBA008397F2 /* PhotoDetailsView.swift */ = {isa = PBXFileReference; lastKnownFileType = sourcecode.swift; path = PhotoDetailsView.swift; sourceTree = "<group>"; };
		FAD9F57F25A5B2BE008397F2 /* AlbumsCoordinator.swift */ = {isa = PBXFileReference; lastKnownFileType = sourcecode.swift; path = AlbumsCoordinator.swift; sourceTree = "<group>"; };
		FAD9F58B25A5B7E8008397F2 /* AlbumsFactory.swift */ = {isa = PBXFileReference; lastKnownFileType = sourcecode.swift; path = AlbumsFactory.swift; sourceTree = "<group>"; };
		FADDFDC02596B0930094690D /* AlbumsProvider.swift */ = {isa = PBXFileReference; lastKnownFileType = sourcecode.swift; path = AlbumsProvider.swift; sourceTree = "<group>"; };
		FADDFDC52596B2990094690D /* RxTest.framework */ = {isa = PBXFileReference; explicitFileType = wrapper.framework; path = RxTest.framework; sourceTree = BUILT_PRODUCTS_DIR; };
		FADDFDD82596B2F80094690D /* Album.swift */ = {isa = PBXFileReference; lastKnownFileType = sourcecode.swift; path = Album.swift; sourceTree = "<group>"; };
		FAEBF59525A5C079002D5411 /* PhotoDetailsUIModel.swift */ = {isa = PBXFileReference; lastKnownFileType = sourcecode.swift; path = PhotoDetailsUIModel.swift; sourceTree = "<group>"; };
		FAEBF59D25A5C09A002D5411 /* PhotoDetailsViewModel.swift */ = {isa = PBXFileReference; lastKnownFileType = sourcecode.swift; path = PhotoDetailsViewModel.swift; sourceTree = "<group>"; };
		FE953F69093C91274F77E8CB /* Pods-AlbumsTests.debug.xcconfig */ = {isa = PBXFileReference; includeInIndex = 1; lastKnownFileType = text.xcconfig; name = "Pods-AlbumsTests.debug.xcconfig"; path = "Target Support Files/Pods-AlbumsTests/Pods-AlbumsTests.debug.xcconfig"; sourceTree = "<group>"; };
/* End PBXFileReference section */

/* Begin PBXFrameworksBuildPhase section */
		FA25C8762596648700F8F903 /* Frameworks */ = {
			isa = PBXFrameworksBuildPhase;
			buildActionMask = 2147483647;
			files = (
				5809AE90D630D6F175D79BAA /* Pods_Albums.framework in Frameworks */,
			);
			runOnlyForDeploymentPostprocessing = 0;
		};
		FA25C88F2596648800F8F903 /* Frameworks */ = {
			isa = PBXFrameworksBuildPhase;
			buildActionMask = 2147483647;
			files = (
				FADDFDC62596B2990094690D /* RxTest.framework in Frameworks */,
				CD693214AEAA4437CABA5E62 /* Pods_AlbumsTests.framework in Frameworks */,
			);
			runOnlyForDeploymentPostprocessing = 0;
		};
/* End PBXFrameworksBuildPhase section */

/* Begin PBXGroup section */
		17D665B47578B15F9D8F2620 /* Frameworks */ = {
			isa = PBXGroup;
			children = (
				FADDFDC52596B2990094690D /* RxTest.framework */,
				E3C9D97C4B7AC27A5329006A /* Pods_Albums.framework */,
				AAF32B577ACDD7BC8D05A63C /* Pods_AlbumsTests.framework */,
			);
			name = Frameworks;
			sourceTree = "<group>";
		};
		7028622F796458D97963BACB /* Pods */ = {
			isa = PBXGroup;
			children = (
				F2D0F1300D2996114FCFEC88 /* Pods-Albums.debug.xcconfig */,
				8BDE73F728BF5ED6B39ABA0A /* Pods-Albums.release.xcconfig */,
				FE953F69093C91274F77E8CB /* Pods-AlbumsTests.debug.xcconfig */,
				7D84BAB31F6CCB4BE767DAE5 /* Pods-AlbumsTests.release.xcconfig */,
			);
			path = Pods;
			sourceTree = "<group>";
		};
		FA1BA4AA25A637B900029F59 /* Persistance */ = {
			isa = PBXGroup;
			children = (
				FAB0E9B725A639D200D79214 /* Providers */,
				FA1BA4B925A6384A00029F59 /* Models */,
				FA1BA4AB25A637DA00029F59 /* LocalDatabase.swift */,
			);
			path = Persistance;
			sourceTree = "<group>";
		};
		FA1BA4B925A6384A00029F59 /* Models */ = {
			isa = PBXGroup;
			children = (
				FAB0E9D025A671AE00D79214 /* Photo */,
				FAB0E9CF25A671A700D79214 /* Album */,
			);
			path = Models;
			sourceTree = "<group>";
		};
		FA2570CD25A3919F001373C8 /* Cells */ = {
			isa = PBXGroup;
			children = (
				FA2570D225A39242001373C8 /* AlbumTitleCell.swift */,
			);
			path = Cells;
			sourceTree = "<group>";
		};
		FA25C8702596648700F8F903 = {
			isa = PBXGroup;
			children = (
				FA25C87B2596648700F8F903 /* Albums */,
				FA25C8952596648800F8F903 /* AlbumsTests */,
				FA25C87A2596648700F8F903 /* Products */,
				7028622F796458D97963BACB /* Pods */,
				17D665B47578B15F9D8F2620 /* Frameworks */,
			);
			sourceTree = "<group>";
		};
		FA25C87A2596648700F8F903 /* Products */ = {
			isa = PBXGroup;
			children = (
				FA25C8792596648700F8F903 /* Albums.app */,
				FA25C8922596648800F8F903 /* AlbumsTests.xctest */,
			);
			name = Products;
			sourceTree = "<group>";
		};
		FA25C87B2596648700F8F903 /* Albums */ = {
			isa = PBXGroup;
			children = (
				FA1BA4AA25A637B900029F59 /* Persistance */,
				FA39D0A525A3D8160094B9A3 /* Miscellaneous */,
				FA3F7F80259B10770029F6F8 /* Network */,
				FA56E47E259919B0009ECC78 /* Extensions */,
				FA56E47D259919A6009ECC78 /* Albums */,
				FA39D0AA25A46B5B0094B9A3 /* Photos */,
				FAD9F56D25A5405A008397F2 /* PhotoDetails */,
				FA25C87C2596648700F8F903 /* AppDelegate.swift */,
				FA25C87E2596648700F8F903 /* SceneDelegate.swift */,
				FA25C8882596648800F8F903 /* Assets.xcassets */,
				FA25C88A2596648800F8F903 /* LaunchScreen.storyboard */,
				FA25C88D2596648800F8F903 /* Info.plist */,
			);
			path = Albums;
			sourceTree = "<group>";
		};
		FA25C8952596648800F8F903 /* AlbumsTests */ = {
			isa = PBXGroup;
			children = (
				FA56E483259919DB009ECC78 /* Mocks */,
				FA56E4762599193D009ECC78 /* Extensions */,
				FA56E48725991C3D009ECC78 /* Scenes */,
				FA25C8982596648800F8F903 /* Info.plist */,
			);
			path = AlbumsTests;
			sourceTree = "<group>";
		};
		FA39D0A525A3D8160094B9A3 /* Miscellaneous */ = {
			isa = PBXGroup;
			children = (
				FA39D0A625A3D81E0094B9A3 /* Constants.swift */,
			);
			path = Miscellaneous;
			sourceTree = "<group>";
		};
		FA39D0AA25A46B5B0094B9A3 /* Photos */ = {
			isa = PBXGroup;
			children = (
				FA39D0AB25A46B6C0094B9A3 /* Models */,
				FA39D0AC25A46B730094B9A3 /* Providers */,
				FA39D0AD25A46B790094B9A3 /* UseCases */,
				FA39D0AE25A46B7E0094B9A3 /* ViewModels */,
				FA39D0B125A46B930094B9A3 /* ViewController */,
			);
			path = Photos;
			sourceTree = "<group>";
		};
		FA39D0AB25A46B6C0094B9A3 /* Models */ = {
			isa = PBXGroup;
			children = (
				FA39D0BC25A476040094B9A3 /* Photo.swift */,
			);
			path = Models;
			sourceTree = "<group>";
		};
		FA39D0AC25A46B730094B9A3 /* Providers */ = {
			isa = PBXGroup;
			children = (
				FA39D0B225A4747A0094B9A3 /* PhotosProvider.swift */,
			);
			path = Providers;
			sourceTree = "<group>";
		};
		FA39D0AD25A46B790094B9A3 /* UseCases */ = {
			isa = PBXGroup;
			children = (
				FAD9F4F025A47CD3008397F2 /* PhotosUseCase.swift */,
			);
			path = UseCases;
			sourceTree = "<group>";
		};
		FA39D0AE25A46B7E0094B9A3 /* ViewModels */ = {
			isa = PBXGroup;
			children = (
				FAD9F50325A48354008397F2 /* PhotosViewModel.swift */,
			);
			path = ViewModels;
			sourceTree = "<group>";
		};
		FA39D0AF25A46B840094B9A3 /* UIModels */ = {
			isa = PBXGroup;
			children = (
				FAD9F50725A4837C008397F2 /* PhotoUIModel.swift */,
			);
			path = UIModels;
			sourceTree = "<group>";
		};
		FA39D0B025A46B8E0094B9A3 /* Cells */ = {
			isa = PBXGroup;
			children = (
				FAD9F52525A4C6CD008397F2 /* PhotoCell.swift */,
			);
			path = Cells;
			sourceTree = "<group>";
		};
		FA39D0B125A46B930094B9A3 /* ViewController */ = {
			isa = PBXGroup;
			children = (
				FA39D0AF25A46B840094B9A3 /* UIModels */,
				FAD9F57625A59DAD008397F2 /* Views */,
				FAD9F51625A4BF46008397F2 /* PhotosViewController.swift */,
				FAD9F54125A4E8B7008397F2 /* PinterestLayout.swift */,
			);
			path = ViewController;
			sourceTree = "<group>";
		};
		FA39D0C025A4773A0094B9A3 /* Photos */ = {
			isa = PBXGroup;
			children = (
				FAD9F4F825A48208008397F2 /* Mocks */,
				FA39D0C125A477460094B9A3 /* Providers */,
				FAD9F4E925A47C89008397F2 /* UseCases */,
				FAD9F50F25A4BD33008397F2 /* ViewModels */,
			);
			path = Photos;
			sourceTree = "<group>";
		};
		FA39D0C125A477460094B9A3 /* Providers */ = {
			isa = PBXGroup;
			children = (
				FA39D0C225A477500094B9A3 /* PhotosProviderTests.swift */,
			);
			path = Providers;
			sourceTree = "<group>";
		};
		FA3F7F80259B10770029F6F8 /* Network */ = {
			isa = PBXGroup;
			children = (
				FA3F7F81259B10820029F6F8 /* API Mocks */,
				FA3F7F88259B118A0029F6F8 /* JSONDataParsingHelper.swift */,
				FA3F7F8C259B131F0029F6F8 /* EndpointsAPI.swift */,
			);
			path = Network;
			sourceTree = "<group>";
		};
		FA3F7F81259B10820029F6F8 /* API Mocks */ = {
			isa = PBXGroup;
			children = (
				FA89667D259B1F7100481EC1 /* AlbumsJSON.json */,
				FA39D0B825A475690094B9A3 /* PhotosJSON.json */,
			);
			path = "API Mocks";
			sourceTree = "<group>";
		};
		FA5086EE259BA2FC00535DCE /* ViewModels */ = {
			isa = PBXGroup;
			children = (
				FA5086EF259BA30F00535DCE /* AlbumsViewModelTests.swift */,
			);
			path = ViewModels;
			sourceTree = "<group>";
		};
		FA5086F9259BDC6100535DCE /* UIModels */ = {
			isa = PBXGroup;
			children = (
				FA5086FA259BDC7300535DCE /* AlbumUIModel.swift */,
			);
			path = UIModels;
			sourceTree = "<group>";
		};
		FA56E4762599193D009ECC78 /* Extensions */ = {
			isa = PBXGroup;
			children = (
				FA56E4772599194F009ECC78 /* Rx+Extension.swift */,
			);
			path = Extensions;
			sourceTree = "<group>";
		};
		FA56E47D259919A6009ECC78 /* Albums */ = {
			isa = PBXGroup;
			children = (
				FAD9F58B25A5B7E8008397F2 /* AlbumsFactory.swift */,
				FAD9F57F25A5B2BE008397F2 /* AlbumsCoordinator.swift */,
				FADDFDD72596B2F00094690D /* Models */,
				FADDFDBF2596B0880094690D /* Providers */,
				FA896681259B20D500481EC1 /* UseCases */,
				FA89669A259BA0F900481EC1 /* ViewModels */,
				FA8A776825A287B4002F937B /* AlbumsViewController */,
			);
			path = Albums;
			sourceTree = "<group>";
		};
		FA56E47E259919B0009ECC78 /* Extensions */ = {
			isa = PBXGroup;
			children = (
				FA56E47F259919BB009ECC78 /* Rx+Extensions.swift */,
				FA2570C525A364CE001373C8 /* UIView+Extension.swift */,
				FA2570D625A39374001373C8 /* UITableView+Extension.swift */,
				FA2570DA25A39579001373C8 /* Array+Extension.swift */,
				FAD9F56725A52BC3008397F2 /* String+Extension.swift */,
				FAD9F57225A59AA6008397F2 /* UIViewController+Extension.swift */,
			);
			path = Extensions;
			sourceTree = "<group>";
		};
		FA56E483259919DB009ECC78 /* Mocks */ = {
			isa = PBXGroup;
			children = (
			);
			path = Mocks;
			sourceTree = "<group>";
		};
		FA56E48625991C33009ECC78 /* Albums */ = {
			isa = PBXGroup;
			children = (
				FA896693259B9FA700481EC1 /* Mocks */,
				FA56E48825991C4B009ECC78 /* Providers */,
				FA89668C259B9F4A00481EC1 /* UseCases */,
				FA5086EE259BA2FC00535DCE /* ViewModels */,
			);
			path = Albums;
			sourceTree = "<group>";
		};
		FA56E48725991C3D009ECC78 /* Scenes */ = {
			isa = PBXGroup;
			children = (
				FA56E48625991C33009ECC78 /* Albums */,
				FA39D0C025A4773A0094B9A3 /* Photos */,
			);
			path = Scenes;
			sourceTree = "<group>";
		};
		FA56E48825991C4B009ECC78 /* Providers */ = {
			isa = PBXGroup;
			children = (
				FA25C8962596648800F8F903 /* AlbumsProviderTests.swift */,
			);
			path = Providers;
			sourceTree = "<group>";
		};
		FA896681259B20D500481EC1 /* UseCases */ = {
			isa = PBXGroup;
			children = (
				FA896684259B211500481EC1 /* AlbumsUseCase.swift */,
			);
			path = UseCases;
			sourceTree = "<group>";
		};
		FA89668C259B9F4A00481EC1 /* UseCases */ = {
			isa = PBXGroup;
			children = (
				FA89668D259B9F5E00481EC1 /* AlbumsUseCaseTests.swift */,
			);
			path = UseCases;
			sourceTree = "<group>";
		};
		FA896693259B9FA700481EC1 /* Mocks */ = {
			isa = PBXGroup;
			children = (
				FA896694259B9FB700481EC1 /* MockAlbumsProvider.swift */,
				FA5086F5259BC51E00535DCE /* MockAlbumsUseCase.swift */,
				FA508702259D084C00535DCE /* MockLocalAlbumsProvider.swift */,
			);
			path = Mocks;
			sourceTree = "<group>";
		};
		FA89669A259BA0F900481EC1 /* ViewModels */ = {
			isa = PBXGroup;
			children = (
				FA89669B259BA10D00481EC1 /* AlbumsViewModel.swift */,
			);
			path = ViewModels;
			sourceTree = "<group>";
		};
		FA8A776825A287B4002F937B /* AlbumsViewController */ = {
			isa = PBXGroup;
			children = (
				FA5086F9259BDC6100535DCE /* UIModels */,
				FA2570CD25A3919F001373C8 /* Cells */,
				FA25C8802596648700F8F903 /* AlbumsViewController.swift */,
			);
			path = AlbumsViewController;
			sourceTree = "<group>";
		};
		FAB0E9B725A639D200D79214 /* Providers */ = {
			isa = PBXGroup;
			children = (
				FAB0E9B825A63A0100D79214 /* AlbumsPageDatabase.swift */,
				FAB0E9CB25A670FE00D79214 /* PhotosPageDatabase.swift */,
			);
			path = Providers;
			sourceTree = "<group>";
		};
		FAB0E9CF25A671A700D79214 /* Album */ = {
			isa = PBXGroup;
			children = (
				FA1BA4B125A6383C00029F59 /* AlbumDB.swift */,
				FA1BA4B525A6384600029F59 /* AlbumPageDB.swift */,
			);
			path = Album;
			sourceTree = "<group>";
		};
		FAB0E9D025A671AE00D79214 /* Photo */ = {
			isa = PBXGroup;
			children = (
				FAB0E9D125A671B600D79214 /* PhotoPageDB.swift */,
				FAB0E9D725A671DC00D79214 /* PhotoDB.swift */,
			);
			path = Photo;
			sourceTree = "<group>";
		};
		FAD9F4E925A47C89008397F2 /* UseCases */ = {
			isa = PBXGroup;
			children = (
				FAD9F4EA25A47C9E008397F2 /* PhotosUseCaseTests.swift */,
			);
			path = UseCases;
			sourceTree = "<group>";
		};
		FAD9F4F825A48208008397F2 /* Mocks */ = {
			isa = PBXGroup;
			children = (
				FAD9F4F925A48210008397F2 /* MockPhotosProvider.swift */,
				FAD9F4FF25A48247008397F2 /* MockLocalPhotosProvider.swift */,
				FAD9F50B25A4BC87008397F2 /* MockPhotosUseCase.swift */,
			);
			path = Mocks;
			sourceTree = "<group>";
		};
		FAD9F50F25A4BD33008397F2 /* ViewModels */ = {
			isa = PBXGroup;
			children = (
				FAD9F51025A4BD4A008397F2 /* PhotosViewModelTests.swift */,
			);
			path = ViewModels;
			sourceTree = "<group>";
		};
		FAD9F56D25A5405A008397F2 /* PhotoDetails */ = {
			isa = PBXGroup;
			children = (
				FAEBF59C25A5C08E002D5411 /* ViewModels */,
				FAEBF59B25A5C089002D5411 /* ViewController */,
			);
			path = PhotoDetails;
			sourceTree = "<group>";
		};
		FAD9F57625A59DAD008397F2 /* Views */ = {
			isa = PBXGroup;
			children = (
				FA39D0B025A46B8E0094B9A3 /* Cells */,
				FAD9F57725A59DBA008397F2 /* PhotoDetailsView.swift */,
			);
			path = Views;
			sourceTree = "<group>";
		};
		FADDFDBF2596B0880094690D /* Providers */ = {
			isa = PBXGroup;
			children = (
				FADDFDC02596B0930094690D /* AlbumsProvider.swift */,
			);
			path = Providers;
			sourceTree = "<group>";
		};
		FADDFDD72596B2F00094690D /* Models */ = {
			isa = PBXGroup;
			children = (
				FADDFDD82596B2F80094690D /* Album.swift */,
			);
			path = Models;
			sourceTree = "<group>";
		};
		FAEBF59425A5C072002D5411 /* UIModels */ = {
			isa = PBXGroup;
			children = (
				FAEBF59525A5C079002D5411 /* PhotoDetailsUIModel.swift */,
			);
			path = UIModels;
			sourceTree = "<group>";
		};
		FAEBF59B25A5C089002D5411 /* ViewController */ = {
			isa = PBXGroup;
			children = (
				FAEBF59425A5C072002D5411 /* UIModels */,
				FAD9F56E25A5407F008397F2 /* PhotoDetailsViewController.swift */,
			);
			path = ViewController;
			sourceTree = "<group>";
		};
		FAEBF59C25A5C08E002D5411 /* ViewModels */ = {
			isa = PBXGroup;
			children = (
				FAEBF59D25A5C09A002D5411 /* PhotoDetailsViewModel.swift */,
			);
			path = ViewModels;
			sourceTree = "<group>";
		};
/* End PBXGroup section */

/* Begin PBXNativeTarget section */
		FA25C8782596648700F8F903 /* Albums */ = {
			isa = PBXNativeTarget;
			buildConfigurationList = FA25C8A62596648800F8F903 /* Build configuration list for PBXNativeTarget "Albums" */;
			buildPhases = (
				C6BF2F095F15142AF6FB2DB9 /* [CP] Check Pods Manifest.lock */,
				FA25C90D2596687B00F8F903 /* Lint */,
				FA25C8752596648700F8F903 /* Sources */,
				FA25C8762596648700F8F903 /* Frameworks */,
				FA25C8772596648700F8F903 /* Resources */,
				23787964BF722C8E8FB93CB0 /* [CP] Embed Pods Frameworks */,
			);
			buildRules = (
			);
			dependencies = (
			);
			name = Albums;
			productName = Albums;
			productReference = FA25C8792596648700F8F903 /* Albums.app */;
			productType = "com.apple.product-type.application";
		};
		FA25C8912596648800F8F903 /* AlbumsTests */ = {
			isa = PBXNativeTarget;
			buildConfigurationList = FA25C8A92596648800F8F903 /* Build configuration list for PBXNativeTarget "AlbumsTests" */;
			buildPhases = (
				6AD86905215F42AA4A7BF8B2 /* [CP] Check Pods Manifest.lock */,
				FA25C91C2596689C00F8F903 /* Swift format */,
				FA25C88E2596648800F8F903 /* Sources */,
				FA25C88F2596648800F8F903 /* Frameworks */,
				FA25C8902596648800F8F903 /* Resources */,
				9EAADFB577A816722992946C /* [CP] Embed Pods Frameworks */,
			);
			buildRules = (
			);
			dependencies = (
				FA25C8942596648800F8F903 /* PBXTargetDependency */,
			);
			name = AlbumsTests;
			productName = AlbumsTests;
			productReference = FA25C8922596648800F8F903 /* AlbumsTests.xctest */;
			productType = "com.apple.product-type.bundle.unit-test";
		};
/* End PBXNativeTarget section */

/* Begin PBXProject section */
		FA25C8712596648700F8F903 /* Project object */ = {
			isa = PBXProject;
			attributes = {
				LastSwiftUpdateCheck = 1230;
				LastUpgradeCheck = 1230;
				TargetAttributes = {
					FA25C8782596648700F8F903 = {
						CreatedOnToolsVersion = 12.3;
					};
					FA25C8912596648800F8F903 = {
						CreatedOnToolsVersion = 12.3;
						TestTargetID = FA25C8782596648700F8F903;
					};
				};
			};
			buildConfigurationList = FA25C8742596648700F8F903 /* Build configuration list for PBXProject "Albums" */;
			compatibilityVersion = "Xcode 9.3";
			developmentRegion = en;
			hasScannedForEncodings = 0;
			knownRegions = (
				en,
				Base,
			);
			mainGroup = FA25C8702596648700F8F903;
			productRefGroup = FA25C87A2596648700F8F903 /* Products */;
			projectDirPath = "";
			projectRoot = "";
			targets = (
				FA25C8782596648700F8F903 /* Albums */,
				FA25C8912596648800F8F903 /* AlbumsTests */,
			);
		};
/* End PBXProject section */

/* Begin PBXResourcesBuildPhase section */
		FA25C8772596648700F8F903 /* Resources */ = {
			isa = PBXResourcesBuildPhase;
			buildActionMask = 2147483647;
			files = (
				FA25C88C2596648800F8F903 /* LaunchScreen.storyboard in Resources */,
				FA89667E259B1F7100481EC1 /* AlbumsJSON.json in Resources */,
				FA39D0B925A475690094B9A3 /* PhotosJSON.json in Resources */,
				FA25C8892596648800F8F903 /* Assets.xcassets in Resources */,
			);
			runOnlyForDeploymentPostprocessing = 0;
		};
		FA25C8902596648800F8F903 /* Resources */ = {
			isa = PBXResourcesBuildPhase;
			buildActionMask = 2147483647;
			files = (
			);
			runOnlyForDeploymentPostprocessing = 0;
		};
/* End PBXResourcesBuildPhase section */

/* Begin PBXShellScriptBuildPhase section */
		23787964BF722C8E8FB93CB0 /* [CP] Embed Pods Frameworks */ = {
			isa = PBXShellScriptBuildPhase;
			buildActionMask = 2147483647;
			files = (
			);
			inputFileListPaths = (
				"${PODS_ROOT}/Target Support Files/Pods-Albums/Pods-Albums-frameworks-${CONFIGURATION}-input-files.xcfilelist",
			);
			name = "[CP] Embed Pods Frameworks";
			outputFileListPaths = (
				"${PODS_ROOT}/Target Support Files/Pods-Albums/Pods-Albums-frameworks-${CONFIGURATION}-output-files.xcfilelist",
			);
			runOnlyForDeploymentPostprocessing = 0;
			shellPath = /bin/sh;
			shellScript = "\"${PODS_ROOT}/Target Support Files/Pods-Albums/Pods-Albums-frameworks.sh\"\n";
			showEnvVarsInLog = 0;
		};
		6AD86905215F42AA4A7BF8B2 /* [CP] Check Pods Manifest.lock */ = {
			isa = PBXShellScriptBuildPhase;
			buildActionMask = 2147483647;
			files = (
			);
			inputFileListPaths = (
			);
			inputPaths = (
				"${PODS_PODFILE_DIR_PATH}/Podfile.lock",
				"${PODS_ROOT}/Manifest.lock",
			);
			name = "[CP] Check Pods Manifest.lock";
			outputFileListPaths = (
			);
			outputPaths = (
				"$(DERIVED_FILE_DIR)/Pods-AlbumsTests-checkManifestLockResult.txt",
			);
			runOnlyForDeploymentPostprocessing = 0;
			shellPath = /bin/sh;
			shellScript = "diff \"${PODS_PODFILE_DIR_PATH}/Podfile.lock\" \"${PODS_ROOT}/Manifest.lock\" > /dev/null\nif [ $? != 0 ] ; then\n    # print error to STDERR\n    echo \"error: The sandbox is not in sync with the Podfile.lock. Run 'pod install' or update your CocoaPods installation.\" >&2\n    exit 1\nfi\n# This output is used by Xcode 'outputs' to avoid re-running this script phase.\necho \"SUCCESS\" > \"${SCRIPT_OUTPUT_FILE_0}\"\n";
			showEnvVarsInLog = 0;
		};
		9EAADFB577A816722992946C /* [CP] Embed Pods Frameworks */ = {
			isa = PBXShellScriptBuildPhase;
			buildActionMask = 2147483647;
			files = (
			);
			inputFileListPaths = (
				"${PODS_ROOT}/Target Support Files/Pods-AlbumsTests/Pods-AlbumsTests-frameworks-${CONFIGURATION}-input-files.xcfilelist",
			);
			name = "[CP] Embed Pods Frameworks";
			outputFileListPaths = (
				"${PODS_ROOT}/Target Support Files/Pods-AlbumsTests/Pods-AlbumsTests-frameworks-${CONFIGURATION}-output-files.xcfilelist",
			);
			runOnlyForDeploymentPostprocessing = 0;
			shellPath = /bin/sh;
			shellScript = "\"${PODS_ROOT}/Target Support Files/Pods-AlbumsTests/Pods-AlbumsTests-frameworks.sh\"\n";
			showEnvVarsInLog = 0;
		};
		C6BF2F095F15142AF6FB2DB9 /* [CP] Check Pods Manifest.lock */ = {
			isa = PBXShellScriptBuildPhase;
			buildActionMask = 2147483647;
			files = (
			);
			inputFileListPaths = (
			);
			inputPaths = (
				"${PODS_PODFILE_DIR_PATH}/Podfile.lock",
				"${PODS_ROOT}/Manifest.lock",
			);
			name = "[CP] Check Pods Manifest.lock";
			outputFileListPaths = (
			);
			outputPaths = (
				"$(DERIVED_FILE_DIR)/Pods-Albums-checkManifestLockResult.txt",
			);
			runOnlyForDeploymentPostprocessing = 0;
			shellPath = /bin/sh;
			shellScript = "diff \"${PODS_PODFILE_DIR_PATH}/Podfile.lock\" \"${PODS_ROOT}/Manifest.lock\" > /dev/null\nif [ $? != 0 ] ; then\n    # print error to STDERR\n    echo \"error: The sandbox is not in sync with the Podfile.lock. Run 'pod install' or update your CocoaPods installation.\" >&2\n    exit 1\nfi\n# This output is used by Xcode 'outputs' to avoid re-running this script phase.\necho \"SUCCESS\" > \"${SCRIPT_OUTPUT_FILE_0}\"\n";
			showEnvVarsInLog = 0;
		};
		FA25C90D2596687B00F8F903 /* Lint */ = {
			isa = PBXShellScriptBuildPhase;
			buildActionMask = 2147483647;
			files = (
			);
			inputFileListPaths = (
			);
			inputPaths = (
			);
			name = Lint;
			outputFileListPaths = (
			);
			outputPaths = (
			);
			runOnlyForDeploymentPostprocessing = 0;
			shellPath = /bin/sh;
			shellScript = "\"${PODS_ROOT}/SwiftLint/swiftlint\"\n";
		};
		FA25C91C2596689C00F8F903 /* Swift format */ = {
			isa = PBXShellScriptBuildPhase;
			buildActionMask = 2147483647;
			files = (
			);
			inputFileListPaths = (
			);
			inputPaths = (
			);
			name = "Swift format";
			outputFileListPaths = (
			);
			outputPaths = (
			);
			runOnlyForDeploymentPostprocessing = 0;
			shellPath = /bin/sh;
			shellScript = "\"${PODS_ROOT}/SwiftFormat/CommandLineTool/swiftformat\" \"$SRCROOT/Albums\" \\\n    --enable isEmpty \\\n    --disable trailingCommas \\\n    --disable blankLinesAroundMark \\\n    --disable unusedArguments \\\n    --disable wrap, wrapMultilineStatementBraces, wrapSwitchCases \\\n    --disable initCoderUnavailable \\\n    --disable numberFormatting \\\n    --disable sortedImports\n";
		};
/* End PBXShellScriptBuildPhase section */

/* Begin PBXSourcesBuildPhase section */
		FA25C8752596648700F8F903 /* Sources */ = {
			isa = PBXSourcesBuildPhase;
			buildActionMask = 2147483647;
			files = (
				FAB0E9CC25A670FE00D79214 /* PhotosPageDatabase.swift in Sources */,
				FAB0E9D225A671B600D79214 /* PhotoPageDB.swift in Sources */,
				FAD9F4F125A47CD3008397F2 /* PhotosUseCase.swift in Sources */,
				FA25C8812596648700F8F903 /* AlbumsViewController.swift in Sources */,
				FA39D0B325A4747A0094B9A3 /* PhotosProvider.swift in Sources */,
				FAD9F56F25A5407F008397F2 /* PhotoDetailsViewController.swift in Sources */,
				FA1BA4B225A6383C00029F59 /* AlbumDB.swift in Sources */,
				FA3F7F8D259B131F0029F6F8 /* EndpointsAPI.swift in Sources */,
				FAEBF59625A5C079002D5411 /* PhotoDetailsUIModel.swift in Sources */,
				FA89669C259BA10D00481EC1 /* AlbumsViewModel.swift in Sources */,
				FA39D0BD25A476040094B9A3 /* Photo.swift in Sources */,
				FAD9F52625A4C6CD008397F2 /* PhotoCell.swift in Sources */,
				FAD9F50825A4837C008397F2 /* PhotoUIModel.swift in Sources */,
				FAD9F50425A48354008397F2 /* PhotosViewModel.swift in Sources */,
				FAD9F58C25A5B7E8008397F2 /* AlbumsFactory.swift in Sources */,
				FAD9F51725A4BF46008397F2 /* PhotosViewController.swift in Sources */,
				FADDFDC12596B0930094690D /* AlbumsProvider.swift in Sources */,
				FAB0E9B925A63A0100D79214 /* AlbumsPageDatabase.swift in Sources */,
				FA2570D325A39242001373C8 /* AlbumTitleCell.swift in Sources */,
				FA25C87D2596648700F8F903 /* AppDelegate.swift in Sources */,
				FA5086FB259BDC7300535DCE /* AlbumUIModel.swift in Sources */,
				FA1BA4AC25A637DA00029F59 /* LocalDatabase.swift in Sources */,
				FAD9F54225A4E8B7008397F2 /* PinterestLayout.swift in Sources */,
				FA56E480259919BB009ECC78 /* Rx+Extensions.swift in Sources */,
				FAD9F57325A59AA6008397F2 /* UIViewController+Extension.swift in Sources */,
				FA2570DB25A39579001373C8 /* Array+Extension.swift in Sources */,
				FA2570C625A364CE001373C8 /* UIView+Extension.swift in Sources */,
				FA896685259B211500481EC1 /* AlbumsUseCase.swift in Sources */,
				FAD9F57825A59DBA008397F2 /* PhotoDetailsView.swift in Sources */,
				FAEBF59E25A5C09A002D5411 /* PhotoDetailsViewModel.swift in Sources */,
				FA25C87F2596648700F8F903 /* SceneDelegate.swift in Sources */,
				FAB0E9D825A671DC00D79214 /* PhotoDB.swift in Sources */,
				FA1BA4B625A6384600029F59 /* AlbumPageDB.swift in Sources */,
				FA3F7F89259B118A0029F6F8 /* JSONDataParsingHelper.swift in Sources */,
				FAD9F58825A5B375008397F2 /* AlbumsCoordinator.swift in Sources */,
				FADDFDD92596B2F80094690D /* Album.swift in Sources */,
				FA2570D725A39374001373C8 /* UITableView+Extension.swift in Sources */,
				FAD9F56825A52BC3008397F2 /* String+Extension.swift in Sources */,
				FA39D0A725A3D81E0094B9A3 /* Constants.swift in Sources */,
			);
			runOnlyForDeploymentPostprocessing = 0;
		};
		FA25C88E2596648800F8F903 /* Sources */ = {
			isa = PBXSourcesBuildPhase;
			buildActionMask = 2147483647;
			files = (
				FA896695259B9FB700481EC1 /* MockAlbumsProvider.swift in Sources */,
				FAD9F50025A48247008397F2 /* MockLocalPhotosProvider.swift in Sources */,
				FA508703259D084C00535DCE /* MockLocalAlbumsProvider.swift in Sources */,
				FA25C8972596648800F8F903 /* AlbumsProviderTests.swift in Sources */,
				FAD9F4FA25A48210008397F2 /* MockPhotosProvider.swift in Sources */,
				FA56E4782599194F009ECC78 /* Rx+Extension.swift in Sources */,
				FAD9F50C25A4BC87008397F2 /* MockPhotosUseCase.swift in Sources */,
				FAD9F51125A4BD4A008397F2 /* PhotosViewModelTests.swift in Sources */,
				FAD9F4EB25A47C9E008397F2 /* PhotosUseCaseTests.swift in Sources */,
				FA5086F0259BA30F00535DCE /* AlbumsViewModelTests.swift in Sources */,
				FA89668E259B9F5E00481EC1 /* AlbumsUseCaseTests.swift in Sources */,
				FA5086F6259BC51E00535DCE /* MockAlbumsUseCase.swift in Sources */,
				FA39D0C325A477500094B9A3 /* PhotosProviderTests.swift in Sources */,
			);
			runOnlyForDeploymentPostprocessing = 0;
		};
/* End PBXSourcesBuildPhase section */

/* Begin PBXTargetDependency section */
		FA25C8942596648800F8F903 /* PBXTargetDependency */ = {
			isa = PBXTargetDependency;
			target = FA25C8782596648700F8F903 /* Albums */;
			targetProxy = FA25C8932596648800F8F903 /* PBXContainerItemProxy */;
		};
/* End PBXTargetDependency section */

/* Begin PBXVariantGroup section */
		FA25C88A2596648800F8F903 /* LaunchScreen.storyboard */ = {
			isa = PBXVariantGroup;
			children = (
				FA25C88B2596648800F8F903 /* Base */,
			);
			name = LaunchScreen.storyboard;
			sourceTree = "<group>";
		};
/* End PBXVariantGroup section */

/* Begin XCBuildConfiguration section */
		FA25C8A42596648800F8F903 /* Debug */ = {
			isa = XCBuildConfiguration;
			buildSettings = {
				ALWAYS_SEARCH_USER_PATHS = NO;
				CLANG_ANALYZER_NONNULL = YES;
				CLANG_ANALYZER_NUMBER_OBJECT_CONVERSION = YES_AGGRESSIVE;
				CLANG_CXX_LANGUAGE_STANDARD = "gnu++14";
				CLANG_CXX_LIBRARY = "libc++";
				CLANG_ENABLE_MODULES = YES;
				CLANG_ENABLE_OBJC_ARC = YES;
				CLANG_ENABLE_OBJC_WEAK = YES;
				CLANG_WARN_BLOCK_CAPTURE_AUTORELEASING = YES;
				CLANG_WARN_BOOL_CONVERSION = YES;
				CLANG_WARN_COMMA = YES;
				CLANG_WARN_CONSTANT_CONVERSION = YES;
				CLANG_WARN_DEPRECATED_OBJC_IMPLEMENTATIONS = YES;
				CLANG_WARN_DIRECT_OBJC_ISA_USAGE = YES_ERROR;
				CLANG_WARN_DOCUMENTATION_COMMENTS = YES;
				CLANG_WARN_EMPTY_BODY = YES;
				CLANG_WARN_ENUM_CONVERSION = YES;
				CLANG_WARN_INFINITE_RECURSION = YES;
				CLANG_WARN_INT_CONVERSION = YES;
				CLANG_WARN_NON_LITERAL_NULL_CONVERSION = YES;
				CLANG_WARN_OBJC_IMPLICIT_RETAIN_SELF = YES;
				CLANG_WARN_OBJC_LITERAL_CONVERSION = YES;
				CLANG_WARN_OBJC_ROOT_CLASS = YES_ERROR;
				CLANG_WARN_QUOTED_INCLUDE_IN_FRAMEWORK_HEADER = YES;
				CLANG_WARN_RANGE_LOOP_ANALYSIS = YES;
				CLANG_WARN_STRICT_PROTOTYPES = YES;
				CLANG_WARN_SUSPICIOUS_MOVE = YES;
				CLANG_WARN_UNGUARDED_AVAILABILITY = YES_AGGRESSIVE;
				CLANG_WARN_UNREACHABLE_CODE = YES;
				CLANG_WARN__DUPLICATE_METHOD_MATCH = YES;
				COPY_PHASE_STRIP = NO;
				DEBUG_INFORMATION_FORMAT = dwarf;
				ENABLE_STRICT_OBJC_MSGSEND = YES;
				ENABLE_TESTABILITY = YES;
				GCC_C_LANGUAGE_STANDARD = gnu11;
				GCC_DYNAMIC_NO_PIC = NO;
				GCC_NO_COMMON_BLOCKS = YES;
				GCC_OPTIMIZATION_LEVEL = 0;
				GCC_PREPROCESSOR_DEFINITIONS = (
					"DEBUG=1",
					"$(inherited)",
				);
				GCC_WARN_64_TO_32_BIT_CONVERSION = YES;
				GCC_WARN_ABOUT_RETURN_TYPE = YES_ERROR;
				GCC_WARN_UNDECLARED_SELECTOR = YES;
				GCC_WARN_UNINITIALIZED_AUTOS = YES_AGGRESSIVE;
				GCC_WARN_UNUSED_FUNCTION = YES;
				GCC_WARN_UNUSED_VARIABLE = YES;
				IPHONEOS_DEPLOYMENT_TARGET = 13.0;
				MTL_ENABLE_DEBUG_INFO = INCLUDE_SOURCE;
				MTL_FAST_MATH = YES;
				ONLY_ACTIVE_ARCH = YES;
				SDKROOT = iphoneos;
				SWIFT_ACTIVE_COMPILATION_CONDITIONS = DEBUG;
				SWIFT_OPTIMIZATION_LEVEL = "-Onone";
			};
			name = Debug;
		};
		FA25C8A52596648800F8F903 /* Release */ = {
			isa = XCBuildConfiguration;
			buildSettings = {
				ALWAYS_SEARCH_USER_PATHS = NO;
				CLANG_ANALYZER_NONNULL = YES;
				CLANG_ANALYZER_NUMBER_OBJECT_CONVERSION = YES_AGGRESSIVE;
				CLANG_CXX_LANGUAGE_STANDARD = "gnu++14";
				CLANG_CXX_LIBRARY = "libc++";
				CLANG_ENABLE_MODULES = YES;
				CLANG_ENABLE_OBJC_ARC = YES;
				CLANG_ENABLE_OBJC_WEAK = YES;
				CLANG_WARN_BLOCK_CAPTURE_AUTORELEASING = YES;
				CLANG_WARN_BOOL_CONVERSION = YES;
				CLANG_WARN_COMMA = YES;
				CLANG_WARN_CONSTANT_CONVERSION = YES;
				CLANG_WARN_DEPRECATED_OBJC_IMPLEMENTATIONS = YES;
				CLANG_WARN_DIRECT_OBJC_ISA_USAGE = YES_ERROR;
				CLANG_WARN_DOCUMENTATION_COMMENTS = YES;
				CLANG_WARN_EMPTY_BODY = YES;
				CLANG_WARN_ENUM_CONVERSION = YES;
				CLANG_WARN_INFINITE_RECURSION = YES;
				CLANG_WARN_INT_CONVERSION = YES;
				CLANG_WARN_NON_LITERAL_NULL_CONVERSION = YES;
				CLANG_WARN_OBJC_IMPLICIT_RETAIN_SELF = YES;
				CLANG_WARN_OBJC_LITERAL_CONVERSION = YES;
				CLANG_WARN_OBJC_ROOT_CLASS = YES_ERROR;
				CLANG_WARN_QUOTED_INCLUDE_IN_FRAMEWORK_HEADER = YES;
				CLANG_WARN_RANGE_LOOP_ANALYSIS = YES;
				CLANG_WARN_STRICT_PROTOTYPES = YES;
				CLANG_WARN_SUSPICIOUS_MOVE = YES;
				CLANG_WARN_UNGUARDED_AVAILABILITY = YES_AGGRESSIVE;
				CLANG_WARN_UNREACHABLE_CODE = YES;
				CLANG_WARN__DUPLICATE_METHOD_MATCH = YES;
				COPY_PHASE_STRIP = NO;
				DEBUG_INFORMATION_FORMAT = "dwarf-with-dsym";
				ENABLE_NS_ASSERTIONS = NO;
				ENABLE_STRICT_OBJC_MSGSEND = YES;
				GCC_C_LANGUAGE_STANDARD = gnu11;
				GCC_NO_COMMON_BLOCKS = YES;
				GCC_WARN_64_TO_32_BIT_CONVERSION = YES;
				GCC_WARN_ABOUT_RETURN_TYPE = YES_ERROR;
				GCC_WARN_UNDECLARED_SELECTOR = YES;
				GCC_WARN_UNINITIALIZED_AUTOS = YES_AGGRESSIVE;
				GCC_WARN_UNUSED_FUNCTION = YES;
				GCC_WARN_UNUSED_VARIABLE = YES;
				IPHONEOS_DEPLOYMENT_TARGET = 13.0;
				MTL_ENABLE_DEBUG_INFO = NO;
				MTL_FAST_MATH = YES;
				SDKROOT = iphoneos;
				SWIFT_COMPILATION_MODE = wholemodule;
				SWIFT_OPTIMIZATION_LEVEL = "-O";
				VALIDATE_PRODUCT = YES;
			};
			name = Release;
		};
		FA25C8A72596648800F8F903 /* Debug */ = {
			isa = XCBuildConfiguration;
			baseConfigurationReference = F2D0F1300D2996114FCFEC88 /* Pods-Albums.debug.xcconfig */;
			buildSettings = {
				ASSETCATALOG_COMPILER_APPICON_NAME = AppIcon;
				ASSETCATALOG_COMPILER_GLOBAL_ACCENT_COLOR_NAME = AccentColor;
				CODE_SIGN_STYLE = Automatic;
				DEVELOPMENT_TEAM = TGUJLKRV49;
				INFOPLIST_FILE = Albums/Info.plist;
				LD_RUNPATH_SEARCH_PATHS = (
					"$(inherited)",
					"@executable_path/Frameworks",
				);
				PRODUCT_BUNDLE_IDENTIFIER = Eironeia.Albums;
				PRODUCT_NAME = "$(TARGET_NAME)";
				SWIFT_VERSION = 5.0;
				TARGETED_DEVICE_FAMILY = "1,2";
			};
			name = Debug;
		};
		FA25C8A82596648800F8F903 /* Release */ = {
			isa = XCBuildConfiguration;
			baseConfigurationReference = 8BDE73F728BF5ED6B39ABA0A /* Pods-Albums.release.xcconfig */;
			buildSettings = {
				ASSETCATALOG_COMPILER_APPICON_NAME = AppIcon;
				ASSETCATALOG_COMPILER_GLOBAL_ACCENT_COLOR_NAME = AccentColor;
				CODE_SIGN_STYLE = Automatic;
				DEVELOPMENT_TEAM = TGUJLKRV49;
				INFOPLIST_FILE = Albums/Info.plist;
				LD_RUNPATH_SEARCH_PATHS = (
					"$(inherited)",
					"@executable_path/Frameworks",
				);
				PRODUCT_BUNDLE_IDENTIFIER = Eironeia.Albums;
				PRODUCT_NAME = "$(TARGET_NAME)";
				SWIFT_VERSION = 5.0;
				TARGETED_DEVICE_FAMILY = "1,2";
			};
			name = Release;
		};
		FA25C8AA2596648800F8F903 /* Debug */ = {
			isa = XCBuildConfiguration;
			baseConfigurationReference = FE953F69093C91274F77E8CB /* Pods-AlbumsTests.debug.xcconfig */;
			buildSettings = {
				ALWAYS_EMBED_SWIFT_STANDARD_LIBRARIES = YES;
				BUNDLE_LOADER = "$(TEST_HOST)";
				CODE_SIGN_STYLE = Automatic;
				DEVELOPMENT_TEAM = TGUJLKRV49;
				INFOPLIST_FILE = AlbumsTests/Info.plist;
				IPHONEOS_DEPLOYMENT_TARGET = 14.3;
				LD_RUNPATH_SEARCH_PATHS = (
					"$(inherited)",
					"@executable_path/Frameworks",
					"@loader_path/Frameworks",
				);
				PRODUCT_BUNDLE_IDENTIFIER = Eironeia.AlbumsTests;
				PRODUCT_NAME = "$(TARGET_NAME)";
				SWIFT_VERSION = 5.0;
				TARGETED_DEVICE_FAMILY = "1,2";
				TEST_HOST = "$(BUILT_PRODUCTS_DIR)/Albums.app/Albums";
			};
			name = Debug;
		};
		FA25C8AB2596648800F8F903 /* Release */ = {
			isa = XCBuildConfiguration;
			baseConfigurationReference = 7D84BAB31F6CCB4BE767DAE5 /* Pods-AlbumsTests.release.xcconfig */;
			buildSettings = {
				ALWAYS_EMBED_SWIFT_STANDARD_LIBRARIES = YES;
				BUNDLE_LOADER = "$(TEST_HOST)";
				CODE_SIGN_STYLE = Automatic;
				DEVELOPMENT_TEAM = TGUJLKRV49;
				INFOPLIST_FILE = AlbumsTests/Info.plist;
				IPHONEOS_DEPLOYMENT_TARGET = 14.3;
				LD_RUNPATH_SEARCH_PATHS = (
					"$(inherited)",
					"@executable_path/Frameworks",
					"@loader_path/Frameworks",
				);
				PRODUCT_BUNDLE_IDENTIFIER = Eironeia.AlbumsTests;
				PRODUCT_NAME = "$(TARGET_NAME)";
				SWIFT_VERSION = 5.0;
				TARGETED_DEVICE_FAMILY = "1,2";
				TEST_HOST = "$(BUILT_PRODUCTS_DIR)/Albums.app/Albums";
			};
			name = Release;
		};
/* End XCBuildConfiguration section */

/* Begin XCConfigurationList section */
		FA25C8742596648700F8F903 /* Build configuration list for PBXProject "Albums" */ = {
			isa = XCConfigurationList;
			buildConfigurations = (
				FA25C8A42596648800F8F903 /* Debug */,
				FA25C8A52596648800F8F903 /* Release */,
			);
			defaultConfigurationIsVisible = 0;
			defaultConfigurationName = Release;
		};
		FA25C8A62596648800F8F903 /* Build configuration list for PBXNativeTarget "Albums" */ = {
			isa = XCConfigurationList;
			buildConfigurations = (
				FA25C8A72596648800F8F903 /* Debug */,
				FA25C8A82596648800F8F903 /* Release */,
			);
			defaultConfigurationIsVisible = 0;
			defaultConfigurationName = Release;
		};
		FA25C8A92596648800F8F903 /* Build configuration list for PBXNativeTarget "AlbumsTests" */ = {
			isa = XCConfigurationList;
			buildConfigurations = (
				FA25C8AA2596648800F8F903 /* Debug */,
				FA25C8AB2596648800F8F903 /* Release */,
			);
			defaultConfigurationIsVisible = 0;
			defaultConfigurationName = Release;
		};
/* End XCConfigurationList section */
	};
	rootObject = FA25C8712596648700F8F903 /* Project object */;
}
